// !$*UTF8*$!
{
	archiveVersion = 1;
	classes = {
	};
	objectVersion = 46;
	objects = {

/* Begin PBXBuildFile section */
		2086A4761C117F0200EF3254 /* main.m in Sources */ = {isa = PBXBuildFile; fileRef = 2086A4751C117F0200EF3254 /* main.m */; };
		2086A4791C117F0200EF3254 /* AppDelegate.m in Sources */ = {isa = PBXBuildFile; fileRef = 2086A4781C117F0200EF3254 /* AppDelegate.m */; };
		2086A47F1C117F0200EF3254 /* Main.storyboard in Resources */ = {isa = PBXBuildFile; fileRef = 2086A47D1C117F0200EF3254 /* Main.storyboard */; };
		2086A4811C117F0200EF3254 /* Assets.xcassets in Resources */ = {isa = PBXBuildFile; fileRef = 2086A4801C117F0200EF3254 /* Assets.xcassets */; };
		2086A4841C117F0200EF3254 /* LaunchScreen.storyboard in Resources */ = {isa = PBXBuildFile; fileRef = 2086A4821C117F0200EF3254 /* LaunchScreen.storyboard */; };
		2086A48F1C117F0300EF3254 /* TableView_To_Another_ViewTests.m in Sources */ = {isa = PBXBuildFile; fileRef = 2086A48E1C117F0300EF3254 /* TableView_To_Another_ViewTests.m */; };
		2086A49A1C117F0300EF3254 /* TableView_To_Another_ViewUITests.m in Sources */ = {isa = PBXBuildFile; fileRef = 2086A4991C117F0300EF3254 /* TableView_To_Another_ViewUITests.m */; };
		2086A4A91C117F3B00EF3254 /* myTableViewController.m in Sources */ = {isa = PBXBuildFile; fileRef = 2086A4A81C117F3B00EF3254 /* myTableViewController.m */; };
		2086A4AE1C117FC900EF3254 /* Kisi.m in Sources */ = {isa = PBXBuildFile; fileRef = 2086A4AD1C117FC900EF3254 /* Kisi.m */; };
		2086A4B61C118BB800EF3254 /* myViewController.m in Sources */ = {isa = PBXBuildFile; fileRef = 2086A4B51C118BB800EF3254 /* myViewController.m */; };
		208871951C11E97A00711243 /* addViewController.m in Sources */ = {isa = PBXBuildFile; fileRef = 208871941C11E97A00711243 /* addViewController.m */; };
/* End PBXBuildFile section */

/* Begin PBXContainerItemProxy section */
		2086A48B1C117F0300EF3254 /* PBXContainerItemProxy */ = {
			isa = PBXContainerItemProxy;
			containerPortal = 2086A4691C117F0200EF3254 /* Project object */;
			proxyType = 1;
			remoteGlobalIDString = 2086A4701C117F0200EF3254;
			remoteInfo = "TableView-To-Another-View";
		};
		2086A4961C117F0300EF3254 /* PBXContainerItemProxy */ = {
			isa = PBXContainerItemProxy;
			containerPortal = 2086A4691C117F0200EF3254 /* Project object */;
			proxyType = 1;
			remoteGlobalIDString = 2086A4701C117F0200EF3254;
			remoteInfo = "TableView-To-Another-View";
		};
/* End PBXContainerItemProxy section */

/* Begin PBXFileReference section */
		2086A4711C117F0200EF3254 /* TableView-To-Another-View.app */ = {isa = PBXFileReference; explicitFileType = wrapper.application; includeInIndex = 0; path = "TableView-To-Another-View.app"; sourceTree = BUILT_PRODUCTS_DIR; };
		2086A4751C117F0200EF3254 /* main.m */ = {isa = PBXFileReference; lastKnownFileType = sourcecode.c.objc; path = main.m; sourceTree = "<group>"; };
		2086A4771C117F0200EF3254 /* AppDelegate.h */ = {isa = PBXFileReference; lastKnownFileType = sourcecode.c.h; path = AppDelegate.h; sourceTree = "<group>"; };
		2086A4781C117F0200EF3254 /* AppDelegate.m */ = {isa = PBXFileReference; lastKnownFileType = sourcecode.c.objc; path = AppDelegate.m; sourceTree = "<group>"; };
		2086A47E1C117F0200EF3254 /* Base */ = {isa = PBXFileReference; lastKnownFileType = file.storyboard; name = Base; path = Base.lproj/Main.storyboard; sourceTree = "<group>"; };
		2086A4801C117F0200EF3254 /* Assets.xcassets */ = {isa = PBXFileReference; lastKnownFileType = folder.assetcatalog; path = Assets.xcassets; sourceTree = "<group>"; };
		2086A4831C117F0200EF3254 /* Base */ = {isa = PBXFileReference; lastKnownFileType = file.storyboard; name = Base; path = Base.lproj/LaunchScreen.storyboard; sourceTree = "<group>"; };
		2086A4851C117F0200EF3254 /* Info.plist */ = {isa = PBXFileReference; lastKnownFileType = text.plist.xml; path = Info.plist; sourceTree = "<group>"; };
		2086A48A1C117F0300EF3254 /* TableView-To-Another-ViewTests.xctest */ = {isa = PBXFileReference; explicitFileType = wrapper.cfbundle; includeInIndex = 0; path = "TableView-To-Another-ViewTests.xctest"; sourceTree = BUILT_PRODUCTS_DIR; };
		2086A48E1C117F0300EF3254 /* TableView_To_Another_ViewTests.m */ = {isa = PBXFileReference; lastKnownFileType = sourcecode.c.objc; path = TableView_To_Another_ViewTests.m; sourceTree = "<group>"; };
		2086A4901C117F0300EF3254 /* Info.plist */ = {isa = PBXFileReference; lastKnownFileType = text.plist.xml; path = Info.plist; sourceTree = "<group>"; };
		2086A4951C117F0300EF3254 /* TableView-To-Another-ViewUITests.xctest */ = {isa = PBXFileReference; explicitFileType = wrapper.cfbundle; includeInIndex = 0; path = "TableView-To-Another-ViewUITests.xctest"; sourceTree = BUILT_PRODUCTS_DIR; };
		2086A4991C117F0300EF3254 /* TableView_To_Another_ViewUITests.m */ = {isa = PBXFileReference; lastKnownFileType = sourcecode.c.objc; path = TableView_To_Another_ViewUITests.m; sourceTree = "<group>"; };
		2086A49B1C117F0300EF3254 /* Info.plist */ = {isa = PBXFileReference; lastKnownFileType = text.plist.xml; path = Info.plist; sourceTree = "<group>"; };
		2086A4A71C117F3B00EF3254 /* myTableViewController.h */ = {isa = PBXFileReference; fileEncoding = 4; lastKnownFileType = sourcecode.c.h; path = myTableViewController.h; sourceTree = "<group>"; };
		2086A4A81C117F3B00EF3254 /* myTableViewController.m */ = {isa = PBXFileReference; fileEncoding = 4; lastKnownFileType = sourcecode.c.objc; path = myTableViewController.m; sourceTree = "<group>"; };
		2086A4AC1C117FC900EF3254 /* Kisi.h */ = {isa = PBXFileReference; fileEncoding = 4; lastKnownFileType = sourcecode.c.h; path = Kisi.h; sourceTree = "<group>"; };
		2086A4AD1C117FC900EF3254 /* Kisi.m */ = {isa = PBXFileReference; fileEncoding = 4; lastKnownFileType = sourcecode.c.objc; path = Kisi.m; sourceTree = "<group>"; };
		2086A4B41C118BB800EF3254 /* myViewController.h */ = {isa = PBXFileReference; fileEncoding = 4; lastKnownFileType = sourcecode.c.h; path = myViewController.h; sourceTree = "<group>"; };
		2086A4B51C118BB800EF3254 /* myViewController.m */ = {isa = PBXFileReference; fileEncoding = 4; lastKnownFileType = sourcecode.c.objc; path = myViewController.m; sourceTree = "<group>"; };
		208871931C11E97A00711243 /* addViewController.h */ = {isa = PBXFileReference; fileEncoding = 4; lastKnownFileType = sourcecode.c.h; path = addViewController.h; sourceTree = "<group>"; };
		208871941C11E97A00711243 /* addViewController.m */ = {isa = PBXFileReference; fileEncoding = 4; lastKnownFileType = sourcecode.c.objc; path = addViewController.m; sourceTree = "<group>"; };
/* End PBXFileReference section */

/* Begin PBXFrameworksBuildPhase section */
		2086A46E1C117F0200EF3254 /* Frameworks */ = {
			isa = PBXFrameworksBuildPhase;
			buildActionMask = 2147483647;
			files = (
			);
			runOnlyForDeploymentPostprocessing = 0;
		};
		2086A4871C117F0300EF3254 /* Frameworks */ = {
			isa = PBXFrameworksBuildPhase;
			buildActionMask = 2147483647;
			files = (
			);
			runOnlyForDeploymentPostprocessing = 0;
		};
		2086A4921C117F0300EF3254 /* Frameworks */ = {
			isa = PBXFrameworksBuildPhase;
			buildActionMask = 2147483647;
			files = (
			);
			runOnlyForDeploymentPostprocessing = 0;
		};
/* End PBXFrameworksBuildPhase section */

/* Begin PBXGroup section */
		2086A4681C117F0200EF3254 = {
			isa = PBXGroup;
			children = (
				2086A4731C117F0200EF3254 /* TableView-To-Another-View */,
				2086A48D1C117F0300EF3254 /* TableView-To-Another-ViewTests */,
				2086A4981C117F0300EF3254 /* TableView-To-Another-ViewUITests */,
				2086A4721C117F0200EF3254 /* Products */,
			);
			sourceTree = "<group>";
		};
		2086A4721C117F0200EF3254 /* Products */ = {
			isa = PBXGroup;
			children = (
				2086A4711C117F0200EF3254 /* TableView-To-Another-View.app */,
				2086A48A1C117F0300EF3254 /* TableView-To-Another-ViewTests.xctest */,
				2086A4951C117F0300EF3254 /* TableView-To-Another-ViewUITests.xctest */,
			);
			name = Products;
			sourceTree = "<group>";
		};
		2086A4731C117F0200EF3254 /* TableView-To-Another-View */ = {
			isa = PBXGroup;
			children = (
				2086A4AB1C117FB000EF3254 /* myClasses */,
				2086A4AA1C117F4200EF3254 /* myViews */,
				2086A4771C117F0200EF3254 /* AppDelegate.h */,
				2086A4781C117F0200EF3254 /* AppDelegate.m */,
				2086A47D1C117F0200EF3254 /* Main.storyboard */,
				2086A4801C117F0200EF3254 /* Assets.xcassets */,
				2086A4821C117F0200EF3254 /* LaunchScreen.storyboard */,
				2086A4851C117F0200EF3254 /* Info.plist */,
				2086A4741C117F0200EF3254 /* Supporting Files */,
			);
			path = "TableView-To-Another-View";
			sourceTree = "<group>";
		};
		2086A4741C117F0200EF3254 /* Supporting Files */ = {
			isa = PBXGroup;
			children = (
				2086A4751C117F0200EF3254 /* main.m */,
			);
			name = "Supporting Files";
			sourceTree = "<group>";
		};
		2086A48D1C117F0300EF3254 /* TableView-To-Another-ViewTests */ = {
			isa = PBXGroup;
			children = (
				2086A48E1C117F0300EF3254 /* TableView_To_Another_ViewTests.m */,
				2086A4901C117F0300EF3254 /* Info.plist */,
			);
			path = "TableView-To-Another-ViewTests";
			sourceTree = "<group>";
		};
		2086A4981C117F0300EF3254 /* TableView-To-Another-ViewUITests */ = {
			isa = PBXGroup;
			children = (
				2086A4991C117F0300EF3254 /* TableView_To_Another_ViewUITests.m */,
				2086A49B1C117F0300EF3254 /* Info.plist */,
			);
			path = "TableView-To-Another-ViewUITests";
			sourceTree = "<group>";
		};
		2086A4AA1C117F4200EF3254 /* myViews */ = {
			isa = PBXGroup;
			children = (
				2086A4B41C118BB800EF3254 /* myViewController.h */,
				2086A4B51C118BB800EF3254 /* myViewController.m */,
				2086A4A71C117F3B00EF3254 /* myTableViewController.h */,
				2086A4A81C117F3B00EF3254 /* myTableViewController.m */,
				208871931C11E97A00711243 /* addViewController.h */,
				208871941C11E97A00711243 /* addViewController.m */,
			);
			name = myViews;
			sourceTree = "<group>";
		};
		2086A4AB1C117FB000EF3254 /* myClasses */ = {
			isa = PBXGroup;
			children = (
				2086A4AC1C117FC900EF3254 /* Kisi.h */,
				2086A4AD1C117FC900EF3254 /* Kisi.m */,
			);
			name = myClasses;
			sourceTree = "<group>";
		};
/* End PBXGroup section */

/* Begin PBXNativeTarget section */
		2086A4701C117F0200EF3254 /* TableView-To-Another-View */ = {
			isa = PBXNativeTarget;
			buildConfigurationList = 2086A49E1C117F0300EF3254 /* Build configuration list for PBXNativeTarget "TableView-To-Another-View" */;
			buildPhases = (
				2086A46D1C117F0200EF3254 /* Sources */,
				2086A46E1C117F0200EF3254 /* Frameworks */,
				2086A46F1C117F0200EF3254 /* Resources */,
			);
			buildRules = (
			);
			dependencies = (
			);
			name = "TableView-To-Another-View";
			productName = "TableView-To-Another-View";
			productReference = 2086A4711C117F0200EF3254 /* TableView-To-Another-View.app */;
			productType = "com.apple.product-type.application";
		};
		2086A4891C117F0300EF3254 /* TableView-To-Another-ViewTests */ = {
			isa = PBXNativeTarget;
			buildConfigurationList = 2086A4A11C117F0300EF3254 /* Build configuration list for PBXNativeTarget "TableView-To-Another-ViewTests" */;
			buildPhases = (
				2086A4861C117F0300EF3254 /* Sources */,
				2086A4871C117F0300EF3254 /* Frameworks */,
				2086A4881C117F0300EF3254 /* Resources */,
			);
			buildRules = (
			);
			dependencies = (
				2086A48C1C117F0300EF3254 /* PBXTargetDependency */,
			);
			name = "TableView-To-Another-ViewTests";
			productName = "TableView-To-Another-ViewTests";
			productReference = 2086A48A1C117F0300EF3254 /* TableView-To-Another-ViewTests.xctest */;
			productType = "com.apple.product-type.bundle.unit-test";
		};
		2086A4941C117F0300EF3254 /* TableView-To-Another-ViewUITests */ = {
			isa = PBXNativeTarget;
			buildConfigurationList = 2086A4A41C117F0300EF3254 /* Build configuration list for PBXNativeTarget "TableView-To-Another-ViewUITests" */;
			buildPhases = (
				2086A4911C117F0300EF3254 /* Sources */,
				2086A4921C117F0300EF3254 /* Frameworks */,
				2086A4931C117F0300EF3254 /* Resources */,
			);
			buildRules = (
			);
			dependencies = (
				2086A4971C117F0300EF3254 /* PBXTargetDependency */,
			);
			name = "TableView-To-Another-ViewUITests";
			productName = "TableView-To-Another-ViewUITests";
			productReference = 2086A4951C117F0300EF3254 /* TableView-To-Another-ViewUITests.xctest */;
			productType = "com.apple.product-type.bundle.ui-testing";
		};
/* End PBXNativeTarget section */

/* Begin PBXProject section */
		2086A4691C117F0200EF3254 /* Project object */ = {
			isa = PBXProject;
			attributes = {
				LastUpgradeCheck = 0710;
				ORGANIZATIONNAME = "Büşra Akdağ";
				TargetAttributes = {
					2086A4701C117F0200EF3254 = {
						CreatedOnToolsVersion = 7.1.1;
						DevelopmentTeam = 4V3M4UKN4D;
					};
					2086A4891C117F0300EF3254 = {
						CreatedOnToolsVersion = 7.1.1;
						DevelopmentTeam = 4V3M4UKN4D;
						TestTargetID = 2086A4701C117F0200EF3254;
					};
					2086A4941C117F0300EF3254 = {
						CreatedOnToolsVersion = 7.1.1;
						DevelopmentTeam = 4V3M4UKN4D;
						TestTargetID = 2086A4701C117F0200EF3254;
					};
				};
			};
			buildConfigurationList = 2086A46C1C117F0200EF3254 /* Build configuration list for PBXProject "TableView-To-Another-View" */;
			compatibilityVersion = "Xcode 3.2";
			developmentRegion = English;
			hasScannedForEncodings = 0;
			knownRegions = (
				en,
				Base,
			);
			mainGroup = 2086A4681C117F0200EF3254;
			productRefGroup = 2086A4721C117F0200EF3254 /* Products */;
			projectDirPath = "";
			projectRoot = "";
			targets = (
				2086A4701C117F0200EF3254 /* TableView-To-Another-View */,
				2086A4891C117F0300EF3254 /* TableView-To-Another-ViewTests */,
				2086A4941C117F0300EF3254 /* TableView-To-Another-ViewUITests */,
			);
		};
/* End PBXProject section */

/* Begin PBXResourcesBuildPhase section */
		2086A46F1C117F0200EF3254 /* Resources */ = {
			isa = PBXResourcesBuildPhase;
			buildActionMask = 2147483647;
			files = (
				2086A4841C117F0200EF3254 /* LaunchScreen.storyboard in Resources */,
				2086A4811C117F0200EF3254 /* Assets.xcassets in Resources */,
				2086A47F1C117F0200EF3254 /* Main.storyboard in Resources */,
			);
			runOnlyForDeploymentPostprocessing = 0;
		};
		2086A4881C117F0300EF3254 /* Resources */ = {
			isa = PBXResourcesBuildPhase;
			buildActionMask = 2147483647;
			files = (
			);
			runOnlyForDeploymentPostprocessing = 0;
		};
		2086A4931C117F0300EF3254 /* Resources */ = {
			isa = PBXResourcesBuildPhase;
			buildActionMask = 2147483647;
			files = (
			);
			runOnlyForDeploymentPostprocessing = 0;
		};
/* End PBXResourcesBuildPhase section */

/* Begin PBXSourcesBuildPhase section */
		2086A46D1C117F0200EF3254 /* Sources */ = {
			isa = PBXSourcesBuildPhase;
			buildActionMask = 2147483647;
			files = (
				208871951C11E97A00711243 /* addViewController.m in Sources */,
				2086A4B61C118BB800EF3254 /* myViewController.m in Sources */,
				2086A4791C117F0200EF3254 /* AppDelegate.m in Sources */,
				2086A4AE1C117FC900EF3254 /* Kisi.m in Sources */,
				2086A4761C117F0200EF3254 /* main.m in Sources */,
				2086A4A91C117F3B00EF3254 /* myTableViewController.m in Sources */,
			);
			runOnlyForDeploymentPostprocessing = 0;
		};
		2086A4861C117F0300EF3254 /* Sources */ = {
			isa = PBXSourcesBuildPhase;
			buildActionMask = 2147483647;
			files = (
				2086A48F1C117F0300EF3254 /* TableView_To_Another_ViewTests.m in Sources */,
			);
			runOnlyForDeploymentPostprocessing = 0;
		};
		2086A4911C117F0300EF3254 /* Sources */ = {
			isa = PBXSourcesBuildPhase;
			buildActionMask = 2147483647;
			files = (
				2086A49A1C117F0300EF3254 /* TableView_To_Another_ViewUITests.m in Sources */,
			);
			runOnlyForDeploymentPostprocessing = 0;
		};
/* End PBXSourcesBuildPhase section */

/* Begin PBXTargetDependency section */
		2086A48C1C117F0300EF3254 /* PBXTargetDependency */ = {
			isa = PBXTargetDependency;
			target = 2086A4701C117F0200EF3254 /* TableView-To-Another-View */;
			targetProxy = 2086A48B1C117F0300EF3254 /* PBXContainerItemProxy */;
		};
		2086A4971C117F0300EF3254 /* PBXTargetDependency */ = {
			isa = PBXTargetDependency;
			target = 2086A4701C117F0200EF3254 /* TableView-To-Another-View */;
			targetProxy = 2086A4961C117F0300EF3254 /* PBXContainerItemProxy */;
		};
/* End PBXTargetDependency section */

/* Begin PBXVariantGroup section */
		2086A47D1C117F0200EF3254 /* Main.storyboard */ = {
			isa = PBXVariantGroup;
			children = (
				2086A47E1C117F0200EF3254 /* Base */,
			);
			name = Main.storyboard;
			sourceTree = "<group>";
		};
		2086A4821C117F0200EF3254 /* LaunchScreen.storyboard */ = {
			isa = PBXVariantGroup;
			children = (
				2086A4831C117F0200EF3254 /* Base */,
			);
			name = LaunchScreen.storyboard;
			sourceTree = "<group>";
		};
/* End PBXVariantGroup section */

/* Begin XCBuildConfiguration section */
		2086A49C1C117F0300EF3254 /* Debug */ = {
			isa = XCBuildConfiguration;
			buildSettings = {
				ALWAYS_SEARCH_USER_PATHS = NO;
				CLANG_CXX_LANGUAGE_STANDARD = "gnu++0x";
				CLANG_CXX_LIBRARY = "libc++";
				CLANG_ENABLE_MODULES = YES;
				CLANG_ENABLE_OBJC_ARC = YES;
				CLANG_WARN_BOOL_CONVERSION = YES;
				CLANG_WARN_CONSTANT_CONVERSION = YES;
				CLANG_WARN_DIRECT_OBJC_ISA_USAGE = YES_ERROR;
				CLANG_WARN_EMPTY_BODY = YES;
				CLANG_WARN_ENUM_CONVERSION = YES;
				CLANG_WARN_INT_CONVERSION = YES;
				CLANG_WARN_OBJC_ROOT_CLASS = YES_ERROR;
				CLANG_WARN_UNREACHABLE_CODE = YES;
				CLANG_WARN__DUPLICATE_METHOD_MATCH = YES;
				"CODE_SIGN_IDENTITY[sdk=iphoneos*]" = "iPhone Developer";
				COPY_PHASE_STRIP = NO;
				DEBUG_INFORMATION_FORMAT = dwarf;
				ENABLE_STRICT_OBJC_MSGSEND = YES;
				ENABLE_TESTABILITY = YES;
				GCC_C_LANGUAGE_STANDARD = gnu99;
				GCC_DYNAMIC_NO_PIC = NO;
				GCC_NO_COMMON_BLOCKS = YES;
				GCC_OPTIMIZATION_LEVEL = 0;
				GCC_PREPROCESSOR_DEFINITIONS = (
					"DEBUG=1",
					"$(inherited)",
				);
				GCC_WARN_64_TO_32_BIT_CONVERSION = YES;
				GCC_WARN_ABOUT_RETURN_TYPE = YES_ERROR;
				GCC_WARN_UNDECLARED_SELECTOR = YES;
				GCC_WARN_UNINITIALIZED_AUTOS = YES_AGGRESSIVE;
				GCC_WARN_UNUSED_FUNCTION = YES;
				GCC_WARN_UNUSED_VARIABLE = YES;
				IPHONEOS_DEPLOYMENT_TARGET = 9.1;
				MTL_ENABLE_DEBUG_INFO = YES;
				ONLY_ACTIVE_ARCH = YES;
				SDKROOT = iphoneos;
			};
			name = Debug;
		};
		2086A49D1C117F0300EF3254 /* Release */ = {
			isa = XCBuildConfiguration;
			buildSettings = {
				ALWAYS_SEARCH_USER_PATHS = NO;
				CLANG_CXX_LANGUAGE_STANDARD = "gnu++0x";
				CLANG_CXX_LIBRARY = "libc++";
				CLANG_ENABLE_MODULES = YES;
				CLANG_ENABLE_OBJC_ARC = YES;
				CLANG_WARN_BOOL_CONVERSION = YES;
				CLANG_WARN_CONSTANT_CONVERSION = YES;
				CLANG_WARN_DIRECT_OBJC_ISA_USAGE = YES_ERROR;
				CLANG_WARN_EMPTY_BODY = YES;
				CLANG_WARN_ENUM_CONVERSION = YES;
				CLANG_WARN_INT_CONVERSION = YES;
				CLANG_WARN_OBJC_ROOT_CLASS = YES_ERROR;
				CLANG_WARN_UNREACHABLE_CODE = YES;
				CLANG_WARN__DUPLICATE_METHOD_MATCH = YES;
				"CODE_SIGN_IDENTITY[sdk=iphoneos*]" = "iPhone Developer";
				COPY_PHASE_STRIP = NO;
				DEBUG_INFORMATION_FORMAT = "dwarf-with-dsym";
				ENABLE_NS_ASSERTIONS = NO;
				ENABLE_STRICT_OBJC_MSGSEND = YES;
				GCC_C_LANGUAGE_STANDARD = gnu99;
				GCC_NO_COMMON_BLOCKS = YES;
				GCC_WARN_64_TO_32_BIT_CONVERSION = YES;
				GCC_WARN_ABOUT_RETURN_TYPE = YES_ERROR;
				GCC_WARN_UNDECLARED_SELECTOR = YES;
				GCC_WARN_UNINITIALIZED_AUTOS = YES_AGGRESSIVE;
				GCC_WARN_UNUSED_FUNCTION = YES;
				GCC_WARN_UNUSED_VARIABLE = YES;
				IPHONEOS_DEPLOYMENT_TARGET = 9.1;
				MTL_ENABLE_DEBUG_INFO = NO;
				SDKROOT = iphoneos;
				VALIDATE_PRODUCT = YES;
			};
			name = Release;
		};
		2086A49F1C117F0300EF3254 /* Debug */ = {
			isa = XCBuildConfiguration;
			buildSettings = {
				ASSETCATALOG_COMPILER_APPICON_NAME = AppIcon;
				INFOPLIST_FILE = "TableView-To-Another-View/Info.plist";
				LD_RUNPATH_SEARCH_PATHS = "$(inherited) @executable_path/Frameworks";
				PRODUCT_BUNDLE_IDENTIFIER = "com.swipe.TableView-To-Another-View";
				PRODUCT_NAME = "$(TARGET_NAME)";
			};
			name = Debug;
		};
		2086A4A01C117F0300EF3254 /* Release */ = {
			isa = XCBuildConfiguration;
			buildSettings = {
				ASSETCATALOG_COMPILER_APPICON_NAME = AppIcon;
				INFOPLIST_FILE = "TableView-To-Another-View/Info.plist";
				LD_RUNPATH_SEARCH_PATHS = "$(inherited) @executable_path/Frameworks";
				PRODUCT_BUNDLE_IDENTIFIER = "com.swipe.TableView-To-Another-View";
				PRODUCT_NAME = "$(TARGET_NAME)";
			};
			name = Release;
		};
		2086A4A21C117F0300EF3254 /* Debug */ = {
			isa = XCBuildConfiguration;
			buildSettings = {
				BUNDLE_LOADER = "$(TEST_HOST)";
				INFOPLIST_FILE = "TableView-To-Another-ViewTests/Info.plist";
				LD_RUNPATH_SEARCH_PATHS = "$(inherited) @executable_path/Frameworks @loader_path/Frameworks";
				PRODUCT_BUNDLE_IDENTIFIER = "com.swipe.TableView-To-Another-ViewTests";
				PRODUCT_NAME = "$(TARGET_NAME)";
				TEST_HOST = "$(BUILT_PRODUCTS_DIR)/TableView-To-Another-View.app/TableView-To-Another-View";
			};
			name = Debug;
		};
		2086A4A31C117F0300EF3254 /* Release */ = {
			isa = XCBuildConfiguration;
			buildSettings = {
				BUNDLE_LOADER = "$(TEST_HOST)";
				INFOPLIST_FILE = "TableView-To-Another-ViewTests/Info.plist";
				LD_RUNPATH_SEARCH_PATHS = "$(inherited) @executable_path/Frameworks @loader_path/Frameworks";
				PRODUCT_BUNDLE_IDENTIFIER = "com.swipe.TableView-To-Another-ViewTests";
				PRODUCT_NAME = "$(TARGET_NAME)";
				TEST_HOST = "$(BUILT_PRODUCTS_DIR)/TableView-To-Another-View.app/TableView-To-Another-View";
			};
			name = Release;
		};
		2086A4A51C117F0300EF3254 /* Debug */ = {
			isa = XCBuildConfiguration;
			buildSettings = {
				INFOPLIST_FILE = "TableView-To-Another-ViewUITests/Info.plist";
				LD_RUNPATH_SEARCH_PATHS = "$(inherited) @executable_path/Frameworks @loader_path/Frameworks";
				PRODUCT_BUNDLE_IDENTIFIER = "com.swipe.TableView-To-Another-ViewUITests";
				PRODUCT_NAME = "$(TARGET_NAME)";
				TEST_TARGET_NAME = "TableView-To-Another-View";
				USES_XCTRUNNER = YES;
			};
			name = Debug;
		};
		2086A4A61C117F0300EF3254 /* Release */ = {
			isa = XCBuildConfiguration;
			buildSettings = {
				INFOPLIST_FILE = "TableView-To-Another-ViewUITests/Info.plist";
				LD_RUNPATH_SEARCH_PATHS = "$(inherited) @executable_path/Frameworks @loader_path/Frameworks";
				PRODUCT_BUNDLE_IDENTIFIER = "com.swipe.TableView-To-Another-ViewUITests";
				PRODUCT_NAME = "$(TARGET_NAME)";
				TEST_TARGET_NAME = "TableView-To-Another-View";
				USES_XCTRUNNER = YES;
			};
			name = Release;
		};
/* End XCBuildConfiguration section */

/* Begin XCConfigurationList section */
		2086A46C1C117F0200EF3254 /* Build configuration list for PBXProject "TableView-To-Another-View" */ = {
			isa = XCConfigurationList;
			buildConfigurations = (
				2086A49C1C117F0300EF3254 /* Debug */,
				2086A49D1C117F0300EF3254 /* Release */,
			);
			defaultConfigurationIsVisible = 0;
			defaultConfigurationName = Release;
		};
		2086A49E1C117F0300EF3254 /* Build configuration list for PBXNativeTarget "TableView-To-Another-View" */ = {
			isa = XCConfigurationList;
			buildConfigurations = (
				2086A49F1C117F0300EF3254 /* Debug */,
				2086A4A01C117F0300EF3254 /* Release */,
			);
			defaultConfigurationIsVisible = 0;
			defaultConfigurationName = Release;
		};
		2086A4A11C117F0300EF3254 /* Build configuration list for PBXNativeTarget "TableView-To-Another-ViewTests" */ = {
			isa = XCConfigurationList;
			buildConfigurations = (
				2086A4A21C117F0300EF3254 /* Debug */,
				2086A4A31C117F0300EF3254 /* Release */,
			);
			defaultConfigurationIsVisible = 0;
			defaultConfigurationName = Release;
		};
		2086A4A41C117F0300EF3254 /* Build configuration list for PBXNativeTarget "TableView-To-Another-ViewUITests" */ = {
			isa = XCConfigurationList;
			buildConfigurations = (
				2086A4A51C117F0300EF3254 /* Debug */,
				2086A4A61C117F0300EF3254 /* Release */,
			);
			defaultConfigurationIsVisible = 0;
			defaultConfigurationName = Release;
		};
/* End XCConfigurationList section */
	};
	rootObject = 2086A4691C117F0200EF3254 /* Project object */;
}
