// !$*UTF8*$!
{
	archiveVersion = 1;
	classes = {
	};
	objectVersion = 46;
	objects = {

/* Begin PBXBuildFile section */
		2086A41A1C10978E00EF3254 /* main.m in Sources */ = {isa = PBXBuildFile; fileRef = 2086A4191C10978E00EF3254 /* main.m */; };
		2086A41D1C10978E00EF3254 /* AppDelegate.m in Sources */ = {isa = PBXBuildFile; fileRef = 2086A41C1C10978E00EF3254 /* AppDelegate.m */; };
		2086A4231C10978E00EF3254 /* Main.storyboard in Resources */ = {isa = PBXBuildFile; fileRef = 2086A4211C10978E00EF3254 /* Main.storyboard */; };
		2086A4251C10978E00EF3254 /* Assets.xcassets in Resources */ = {isa = PBXBuildFile; fileRef = 2086A4241C10978E00EF3254 /* Assets.xcassets */; };
		2086A4281C10978E00EF3254 /* LaunchScreen.storyboard in Resources */ = {isa = PBXBuildFile; fileRef = 2086A4261C10978E00EF3254 /* LaunchScreen.storyboard */; };
		2086A4331C10978E00EF3254 /* CustomCellForTableViewAppTests.m in Sources */ = {isa = PBXBuildFile; fileRef = 2086A4321C10978E00EF3254 /* CustomCellForTableViewAppTests.m */; };
		2086A43E1C10978E00EF3254 /* CustomCellForTableViewAppUITests.m in Sources */ = {isa = PBXBuildFile; fileRef = 2086A43D1C10978E00EF3254 /* CustomCellForTableViewAppUITests.m */; };
		2086A4551C1098BA00EF3254 /* myTableViewController.m in Sources */ = {isa = PBXBuildFile; fileRef = 2086A4541C1098BA00EF3254 /* myTableViewController.m */; };
		2086A4581C109DBE00EF3254 /* myCell.m in Sources */ = {isa = PBXBuildFile; fileRef = 2086A4571C109DBE00EF3254 /* myCell.m */; };
		2086A45F1C109F6400EF3254 /* lisa.png in Resources */ = {isa = PBXBuildFile; fileRef = 2086A45A1C109F6400EF3254 /* lisa.png */; };
		2086A4601C109F6400EF3254 /* somer.png in Resources */ = {isa = PBXBuildFile; fileRef = 2086A45B1C109F6400EF3254 /* somer.png */; };
		2086A4651C10A02200EF3254 /* meggie.png in Resources */ = {isa = PBXBuildFile; fileRef = 2086A4641C10A02200EF3254 /* meggie.png */; };
		2086A4671C10A09000EF3254 /* bart.png in Resources */ = {isa = PBXBuildFile; fileRef = 2086A4661C10A09000EF3254 /* bart.png */; };
/* End PBXBuildFile section */

/* Begin PBXContainerItemProxy section */
		2086A42F1C10978E00EF3254 /* PBXContainerItemProxy */ = {
			isa = PBXContainerItemProxy;
			containerPortal = 2086A40D1C10978E00EF3254 /* Project object */;
			proxyType = 1;
			remoteGlobalIDString = 2086A4141C10978E00EF3254;
			remoteInfo = CustomCellForTableViewApp;
		};
		2086A43A1C10978E00EF3254 /* PBXContainerItemProxy */ = {
			isa = PBXContainerItemProxy;
			containerPortal = 2086A40D1C10978E00EF3254 /* Project object */;
			proxyType = 1;
			remoteGlobalIDString = 2086A4141C10978E00EF3254;
			remoteInfo = CustomCellForTableViewApp;
		};
/* End PBXContainerItemProxy section */

/* Begin PBXFileReference section */
		2086A4151C10978E00EF3254 /* CustomCellForTableViewApp.app */ = {isa = PBXFileReference; explicitFileType = wrapper.application; includeInIndex = 0; path = CustomCellForTableViewApp.app; sourceTree = BUILT_PRODUCTS_DIR; };
		2086A4191C10978E00EF3254 /* main.m */ = {isa = PBXFileReference; lastKnownFileType = sourcecode.c.objc; path = main.m; sourceTree = "<group>"; };
		2086A41B1C10978E00EF3254 /* AppDelegate.h */ = {isa = PBXFileReference; lastKnownFileType = sourcecode.c.h; path = AppDelegate.h; sourceTree = "<group>"; };
		2086A41C1C10978E00EF3254 /* AppDelegate.m */ = {isa = PBXFileReference; lastKnownFileType = sourcecode.c.objc; path = AppDelegate.m; sourceTree = "<group>"; };
		2086A4221C10978E00EF3254 /* Base */ = {isa = PBXFileReference; lastKnownFileType = file.storyboard; name = Base; path = Base.lproj/Main.storyboard; sourceTree = "<group>"; };
		2086A4241C10978E00EF3254 /* Assets.xcassets */ = {isa = PBXFileReference; lastKnownFileType = folder.assetcatalog; path = Assets.xcassets; sourceTree = "<group>"; };
		2086A4271C10978E00EF3254 /* Base */ = {isa = PBXFileReference; lastKnownFileType = file.storyboard; name = Base; path = Base.lproj/LaunchScreen.storyboard; sourceTree = "<group>"; };
		2086A4291C10978E00EF3254 /* Info.plist */ = {isa = PBXFileReference; lastKnownFileType = text.plist.xml; path = Info.plist; sourceTree = "<group>"; };
		2086A42E1C10978E00EF3254 /* CustomCellForTableViewAppTests.xctest */ = {isa = PBXFileReference; explicitFileType = wrapper.cfbundle; includeInIndex = 0; path = CustomCellForTableViewAppTests.xctest; sourceTree = BUILT_PRODUCTS_DIR; };
		2086A4321C10978E00EF3254 /* CustomCellForTableViewAppTests.m */ = {isa = PBXFileReference; lastKnownFileType = sourcecode.c.objc; path = CustomCellForTableViewAppTests.m; sourceTree = "<group>"; };
		2086A4341C10978E00EF3254 /* Info.plist */ = {isa = PBXFileReference; lastKnownFileType = text.plist.xml; path = Info.plist; sourceTree = "<group>"; };
		2086A4391C10978E00EF3254 /* CustomCellForTableViewAppUITests.xctest */ = {isa = PBXFileReference; explicitFileType = wrapper.cfbundle; includeInIndex = 0; path = CustomCellForTableViewAppUITests.xctest; sourceTree = BUILT_PRODUCTS_DIR; };
		2086A43D1C10978E00EF3254 /* CustomCellForTableViewAppUITests.m */ = {isa = PBXFileReference; lastKnownFileType = sourcecode.c.objc; path = CustomCellForTableViewAppUITests.m; sourceTree = "<group>"; };
		2086A43F1C10978E00EF3254 /* Info.plist */ = {isa = PBXFileReference; lastKnownFileType = text.plist.xml; path = Info.plist; sourceTree = "<group>"; };
		2086A4531C1098BA00EF3254 /* myTableViewController.h */ = {isa = PBXFileReference; fileEncoding = 4; lastKnownFileType = sourcecode.c.h; name = myTableViewController.h; path = ../myTableViewController.h; sourceTree = "<group>"; };
		2086A4541C1098BA00EF3254 /* myTableViewController.m */ = {isa = PBXFileReference; fileEncoding = 4; lastKnownFileType = sourcecode.c.objc; name = myTableViewController.m; path = ../myTableViewController.m; sourceTree = "<group>"; };
		2086A4561C109DBE00EF3254 /* myCell.h */ = {isa = PBXFileReference; fileEncoding = 4; lastKnownFileType = sourcecode.c.h; name = myCell.h; path = ../myCell.h; sourceTree = "<group>"; };
		2086A4571C109DBE00EF3254 /* myCell.m */ = {isa = PBXFileReference; fileEncoding = 4; lastKnownFileType = sourcecode.c.objc; name = myCell.m; path = ../myCell.m; sourceTree = "<group>"; };
		2086A45A1C109F6400EF3254 /* lisa.png */ = {isa = PBXFileReference; lastKnownFileType = image.png; path = lisa.png; sourceTree = "<group>"; };
		2086A45B1C109F6400EF3254 /* somer.png */ = {isa = PBXFileReference; lastKnownFileType = image.png; path = somer.png; sourceTree = "<group>"; };
		2086A4641C10A02200EF3254 /* meggie.png */ = {isa = PBXFileReference; lastKnownFileType = image.png; path = meggie.png; sourceTree = "<group>"; };
		2086A4661C10A09000EF3254 /* bart.png */ = {isa = PBXFileReference; lastKnownFileType = image.png; path = bart.png; sourceTree = "<group>"; };
/* End PBXFileReference section */

/* Begin PBXFrameworksBuildPhase section */
		2086A4121C10978E00EF3254 /* Frameworks */ = {
			isa = PBXFrameworksBuildPhase;
			buildActionMask = 2147483647;
			files = (
			);
			runOnlyForDeploymentPostprocessing = 0;
		};
		2086A42B1C10978E00EF3254 /* Frameworks */ = {
			isa = PBXFrameworksBuildPhase;
			buildActionMask = 2147483647;
			files = (
			);
			runOnlyForDeploymentPostprocessing = 0;
		};
		2086A4361C10978E00EF3254 /* Frameworks */ = {
			isa = PBXFrameworksBuildPhase;
			buildActionMask = 2147483647;
			files = (
			);
			runOnlyForDeploymentPostprocessing = 0;
		};
/* End PBXFrameworksBuildPhase section */

/* Begin PBXGroup section */
		2086A40C1C10978D00EF3254 = {
			isa = PBXGroup;
			children = (
				2086A4171C10978E00EF3254 /* CustomCellForTableViewApp */,
				2086A4311C10978E00EF3254 /* CustomCellForTableViewAppTests */,
				2086A43C1C10978E00EF3254 /* CustomCellForTableViewAppUITests */,
				2086A4161C10978E00EF3254 /* Products */,
			);
			sourceTree = "<group>";
		};
		2086A4161C10978E00EF3254 /* Products */ = {
			isa = PBXGroup;
			children = (
				2086A4151C10978E00EF3254 /* CustomCellForTableViewApp.app */,
				2086A42E1C10978E00EF3254 /* CustomCellForTableViewAppTests.xctest */,
				2086A4391C10978E00EF3254 /* CustomCellForTableViewAppUITests.xctest */,
			);
			name = Products;
			sourceTree = "<group>";
		};
		2086A4171C10978E00EF3254 /* CustomCellForTableViewApp */ = {
			isa = PBXGroup;
			children = (
				2086A4591C109DC400EF3254 /* myCell */,
				2086A44F1C1097DA00EF3254 /* myTableViewController */,
				2086A41B1C10978E00EF3254 /* AppDelegate.h */,
				2086A41C1C10978E00EF3254 /* AppDelegate.m */,
				2086A4211C10978E00EF3254 /* Main.storyboard */,
				2086A4241C10978E00EF3254 /* Assets.xcassets */,
				2086A4261C10978E00EF3254 /* LaunchScreen.storyboard */,
				2086A4291C10978E00EF3254 /* Info.plist */,
				2086A4181C10978E00EF3254 /* Supporting Files */,
			);
			path = CustomCellForTableViewApp;
			sourceTree = "<group>";
		};
		2086A4181C10978E00EF3254 /* Supporting Files */ = {
			isa = PBXGroup;
			children = (
				2086A45A1C109F6400EF3254 /* lisa.png */,
				2086A4661C10A09000EF3254 /* bart.png */,
				2086A45B1C109F6400EF3254 /* somer.png */,
				2086A4641C10A02200EF3254 /* meggie.png */,
				2086A4191C10978E00EF3254 /* main.m */,
			);
			name = "Supporting Files";
			sourceTree = "<group>";
		};
		2086A4311C10978E00EF3254 /* CustomCellForTableViewAppTests */ = {
			isa = PBXGroup;
			children = (
				2086A4321C10978E00EF3254 /* CustomCellForTableViewAppTests.m */,
				2086A4341C10978E00EF3254 /* Info.plist */,
			);
			path = CustomCellForTableViewAppTests;
			sourceTree = "<group>";
		};
		2086A43C1C10978E00EF3254 /* CustomCellForTableViewAppUITests */ = {
			isa = PBXGroup;
			children = (
				2086A43D1C10978E00EF3254 /* CustomCellForTableViewAppUITests.m */,
				2086A43F1C10978E00EF3254 /* Info.plist */,
			);
			path = CustomCellForTableViewAppUITests;
			sourceTree = "<group>";
		};
		2086A44F1C1097DA00EF3254 /* myTableViewController */ = {
			isa = PBXGroup;
			children = (
				2086A4531C1098BA00EF3254 /* myTableViewController.h */,
				2086A4541C1098BA00EF3254 /* myTableViewController.m */,
			);
			name = myTableViewController;
			sourceTree = "<group>";
		};
		2086A4591C109DC400EF3254 /* myCell */ = {
			isa = PBXGroup;
			children = (
				2086A4561C109DBE00EF3254 /* myCell.h */,
				2086A4571C109DBE00EF3254 /* myCell.m */,
			);
			name = myCell;
			sourceTree = "<group>";
		};
/* End PBXGroup section */

/* Begin PBXNativeTarget section */
		2086A4141C10978E00EF3254 /* CustomCellForTableViewApp */ = {
			isa = PBXNativeTarget;
			buildConfigurationList = 2086A4421C10978E00EF3254 /* Build configuration list for PBXNativeTarget "CustomCellForTableViewApp" */;
			buildPhases = (
				2086A4111C10978E00EF3254 /* Sources */,
				2086A4121C10978E00EF3254 /* Frameworks */,
				2086A4131C10978E00EF3254 /* Resources */,
			);
			buildRules = (
			);
			dependencies = (
			);
			name = CustomCellForTableViewApp;
			productName = CustomCellForTableViewApp;
			productReference = 2086A4151C10978E00EF3254 /* CustomCellForTableViewApp.app */;
			productType = "com.apple.product-type.application";
		};
		2086A42D1C10978E00EF3254 /* CustomCellForTableViewAppTests */ = {
			isa = PBXNativeTarget;
			buildConfigurationList = 2086A4451C10978E00EF3254 /* Build configuration list for PBXNativeTarget "CustomCellForTableViewAppTests" */;
			buildPhases = (
				2086A42A1C10978E00EF3254 /* Sources */,
				2086A42B1C10978E00EF3254 /* Frameworks */,
				2086A42C1C10978E00EF3254 /* Resources */,
			);
			buildRules = (
			);
			dependencies = (
				2086A4301C10978E00EF3254 /* PBXTargetDependency */,
			);
			name = CustomCellForTableViewAppTests;
			productName = CustomCellForTableViewAppTests;
			productReference = 2086A42E1C10978E00EF3254 /* CustomCellForTableViewAppTests.xctest */;
			productType = "com.apple.product-type.bundle.unit-test";
		};
		2086A4381C10978E00EF3254 /* CustomCellForTableViewAppUITests */ = {
			isa = PBXNativeTarget;
			buildConfigurationList = 2086A4481C10978E00EF3254 /* Build configuration list for PBXNativeTarget "CustomCellForTableViewAppUITests" */;
			buildPhases = (
				2086A4351C10978E00EF3254 /* Sources */,
				2086A4361C10978E00EF3254 /* Frameworks */,
				2086A4371C10978E00EF3254 /* Resources */,
			);
			buildRules = (
			);
			dependencies = (
				2086A43B1C10978E00EF3254 /* PBXTargetDependency */,
			);
			name = CustomCellForTableViewAppUITests;
			productName = CustomCellForTableViewAppUITests;
			productReference = 2086A4391C10978E00EF3254 /* CustomCellForTableViewAppUITests.xctest */;
			productType = "com.apple.product-type.bundle.ui-testing";
		};
/* End PBXNativeTarget section */

/* Begin PBXProject section */
		2086A40D1C10978E00EF3254 /* Project object */ = {
			isa = PBXProject;
			attributes = {
				LastUpgradeCheck = 0710;
				ORGANIZATIONNAME = "Büşra Akdağ";
				TargetAttributes = {
					2086A4141C10978E00EF3254 = {
						CreatedOnToolsVersion = 7.1.1;
						DevelopmentTeam = 4V3M4UKN4D;
					};
					2086A42D1C10978E00EF3254 = {
						CreatedOnToolsVersion = 7.1.1;
						DevelopmentTeam = 4V3M4UKN4D;
						TestTargetID = 2086A4141C10978E00EF3254;
					};
					2086A4381C10978E00EF3254 = {
						CreatedOnToolsVersion = 7.1.1;
						DevelopmentTeam = 4V3M4UKN4D;
						TestTargetID = 2086A4141C10978E00EF3254;
					};
				};
			};
			buildConfigurationList = 2086A4101C10978E00EF3254 /* Build configuration list for PBXProject "CustomCellForTableViewApp" */;
			compatibilityVersion = "Xcode 3.2";
			developmentRegion = English;
			hasScannedForEncodings = 0;
			knownRegions = (
				en,
				Base,
			);
			mainGroup = 2086A40C1C10978D00EF3254;
			productRefGroup = 2086A4161C10978E00EF3254 /* Products */;
			projectDirPath = "";
			projectRoot = "";
			targets = (
				2086A4141C10978E00EF3254 /* CustomCellForTableViewApp */,
				2086A42D1C10978E00EF3254 /* CustomCellForTableViewAppTests */,
				2086A4381C10978E00EF3254 /* CustomCellForTableViewAppUITests */,
			);
		};
/* End PBXProject section */

/* Begin PBXResourcesBuildPhase section */
		2086A4131C10978E00EF3254 /* Resources */ = {
			isa = PBXResourcesBuildPhase;
			buildActionMask = 2147483647;
			files = (
				2086A45F1C109F6400EF3254 /* lisa.png in Resources */,
				2086A4601C109F6400EF3254 /* somer.png in Resources */,
				2086A4281C10978E00EF3254 /* LaunchScreen.storyboard in Resources */,
				2086A4651C10A02200EF3254 /* meggie.png in Resources */,
				2086A4671C10A09000EF3254 /* bart.png in Resources */,
				2086A4251C10978E00EF3254 /* Assets.xcassets in Resources */,
				2086A4231C10978E00EF3254 /* Main.storyboard in Resources */,
			);
			runOnlyForDeploymentPostprocessing = 0;
		};
		2086A42C1C10978E00EF3254 /* Resources */ = {
			isa = PBXResourcesBuildPhase;
			buildActionMask = 2147483647;
			files = (
			);
			runOnlyForDeploymentPostprocessing = 0;
		};
		2086A4371C10978E00EF3254 /* Resources */ = {
			isa = PBXResourcesBuildPhase;
			buildActionMask = 2147483647;
			files = (
			);
			runOnlyForDeploymentPostprocessing = 0;
		};
/* End PBXResourcesBuildPhase section */

/* Begin PBXSourcesBuildPhase section */
		2086A4111C10978E00EF3254 /* Sources */ = {
			isa = PBXSourcesBuildPhase;
			buildActionMask = 2147483647;
			files = (
				2086A41D1C10978E00EF3254 /* AppDelegate.m in Sources */,
				2086A4581C109DBE00EF3254 /* myCell.m in Sources */,
				2086A41A1C10978E00EF3254 /* main.m in Sources */,
				2086A4551C1098BA00EF3254 /* myTableViewController.m in Sources */,
			);
			runOnlyForDeploymentPostprocessing = 0;
		};
		2086A42A1C10978E00EF3254 /* Sources */ = {
			isa = PBXSourcesBuildPhase;
			buildActionMask = 2147483647;
			files = (
				2086A4331C10978E00EF3254 /* CustomCellForTableViewAppTests.m in Sources */,
			);
			runOnlyForDeploymentPostprocessing = 0;
		};
		2086A4351C10978E00EF3254 /* Sources */ = {
			isa = PBXSourcesBuildPhase;
			buildActionMask = 2147483647;
			files = (
				2086A43E1C10978E00EF3254 /* CustomCellForTableViewAppUITests.m in Sources */,
			);
			runOnlyForDeploymentPostprocessing = 0;
		};
/* End PBXSourcesBuildPhase section */

/* Begin PBXTargetDependency section */
		2086A4301C10978E00EF3254 /* PBXTargetDependency */ = {
			isa = PBXTargetDependency;
			target = 2086A4141C10978E00EF3254 /* CustomCellForTableViewApp */;
			targetProxy = 2086A42F1C10978E00EF3254 /* PBXContainerItemProxy */;
		};
		2086A43B1C10978E00EF3254 /* PBXTargetDependency */ = {
			isa = PBXTargetDependency;
			target = 2086A4141C10978E00EF3254 /* CustomCellForTableViewApp */;
			targetProxy = 2086A43A1C10978E00EF3254 /* PBXContainerItemProxy */;
		};
/* End PBXTargetDependency section */

/* Begin PBXVariantGroup section */
		2086A4211C10978E00EF3254 /* Main.storyboard */ = {
			isa = PBXVariantGroup;
			children = (
				2086A4221C10978E00EF3254 /* Base */,
			);
			name = Main.storyboard;
			sourceTree = "<group>";
		};
		2086A4261C10978E00EF3254 /* LaunchScreen.storyboard */ = {
			isa = PBXVariantGroup;
			children = (
				2086A4271C10978E00EF3254 /* Base */,
			);
			name = LaunchScreen.storyboard;
			sourceTree = "<group>";
		};
/* End PBXVariantGroup section */

/* Begin XCBuildConfiguration section */
		2086A4401C10978E00EF3254 /* Debug */ = {
			isa = XCBuildConfiguration;
			buildSettings = {
				ALWAYS_SEARCH_USER_PATHS = NO;
				CLANG_CXX_LANGUAGE_STANDARD = "gnu++0x";
				CLANG_CXX_LIBRARY = "libc++";
				CLANG_ENABLE_MODULES = YES;
				CLANG_ENABLE_OBJC_ARC = YES;
				CLANG_WARN_BOOL_CONVERSION = YES;
				CLANG_WARN_CONSTANT_CONVERSION = YES;
				CLANG_WARN_DIRECT_OBJC_ISA_USAGE = YES_ERROR;
				CLANG_WARN_EMPTY_BODY = YES;
				CLANG_WARN_ENUM_CONVERSION = YES;
				CLANG_WARN_INT_CONVERSION = YES;
				CLANG_WARN_OBJC_ROOT_CLASS = YES_ERROR;
				CLANG_WARN_UNREACHABLE_CODE = YES;
				CLANG_WARN__DUPLICATE_METHOD_MATCH = YES;
				"CODE_SIGN_IDENTITY[sdk=iphoneos*]" = "iPhone Developer";
				COPY_PHASE_STRIP = NO;
				DEBUG_INFORMATION_FORMAT = dwarf;
				ENABLE_STRICT_OBJC_MSGSEND = YES;
				ENABLE_TESTABILITY = YES;
				GCC_C_LANGUAGE_STANDARD = gnu99;
				GCC_DYNAMIC_NO_PIC = NO;
				GCC_NO_COMMON_BLOCKS = YES;
				GCC_OPTIMIZATION_LEVEL = 0;
				GCC_PREPROCESSOR_DEFINITIONS = (
					"DEBUG=1",
					"$(inherited)",
				);
				GCC_WARN_64_TO_32_BIT_CONVERSION = YES;
				GCC_WARN_ABOUT_RETURN_TYPE = YES_ERROR;
				GCC_WARN_UNDECLARED_SELECTOR = YES;
				GCC_WARN_UNINITIALIZED_AUTOS = YES_AGGRESSIVE;
				GCC_WARN_UNUSED_FUNCTION = YES;
				GCC_WARN_UNUSED_VARIABLE = YES;
				IPHONEOS_DEPLOYMENT_TARGET = 9.1;
				MTL_ENABLE_DEBUG_INFO = YES;
				ONLY_ACTIVE_ARCH = YES;
				SDKROOT = iphoneos;
			};
			name = Debug;
		};
		2086A4411C10978E00EF3254 /* Release */ = {
			isa = XCBuildConfiguration;
			buildSettings = {
				ALWAYS_SEARCH_USER_PATHS = NO;
				CLANG_CXX_LANGUAGE_STANDARD = "gnu++0x";
				CLANG_CXX_LIBRARY = "libc++";
				CLANG_ENABLE_MODULES = YES;
				CLANG_ENABLE_OBJC_ARC = YES;
				CLANG_WARN_BOOL_CONVERSION = YES;
				CLANG_WARN_CONSTANT_CONVERSION = YES;
				CLANG_WARN_DIRECT_OBJC_ISA_USAGE = YES_ERROR;
				CLANG_WARN_EMPTY_BODY = YES;
				CLANG_WARN_ENUM_CONVERSION = YES;
				CLANG_WARN_INT_CONVERSION = YES;
				CLANG_WARN_OBJC_ROOT_CLASS = YES_ERROR;
				CLANG_WARN_UNREACHABLE_CODE = YES;
				CLANG_WARN__DUPLICATE_METHOD_MATCH = YES;
				"CODE_SIGN_IDENTITY[sdk=iphoneos*]" = "iPhone Developer";
				COPY_PHASE_STRIP = NO;
				DEBUG_INFORMATION_FORMAT = "dwarf-with-dsym";
				ENABLE_NS_ASSERTIONS = NO;
				ENABLE_STRICT_OBJC_MSGSEND = YES;
				GCC_C_LANGUAGE_STANDARD = gnu99;
				GCC_NO_COMMON_BLOCKS = YES;
				GCC_WARN_64_TO_32_BIT_CONVERSION = YES;
				GCC_WARN_ABOUT_RETURN_TYPE = YES_ERROR;
				GCC_WARN_UNDECLARED_SELECTOR = YES;
				GCC_WARN_UNINITIALIZED_AUTOS = YES_AGGRESSIVE;
				GCC_WARN_UNUSED_FUNCTION = YES;
				GCC_WARN_UNUSED_VARIABLE = YES;
				IPHONEOS_DEPLOYMENT_TARGET = 9.1;
				MTL_ENABLE_DEBUG_INFO = NO;
				SDKROOT = iphoneos;
				VALIDATE_PRODUCT = YES;
			};
			name = Release;
		};
		2086A4431C10978E00EF3254 /* Debug */ = {
			isa = XCBuildConfiguration;
			buildSettings = {
				ASSETCATALOG_COMPILER_APPICON_NAME = AppIcon;
				INFOPLIST_FILE = CustomCellForTableViewApp/Info.plist;
				LD_RUNPATH_SEARCH_PATHS = "$(inherited) @executable_path/Frameworks";
				PRODUCT_BUNDLE_IDENTIFIER = com.swipe.CustomCellForTableViewApp;
				PRODUCT_NAME = "$(TARGET_NAME)";
			};
			name = Debug;
		};
		2086A4441C10978E00EF3254 /* Release */ = {
			isa = XCBuildConfiguration;
			buildSettings = {
				ASSETCATALOG_COMPILER_APPICON_NAME = AppIcon;
				INFOPLIST_FILE = CustomCellForTableViewApp/Info.plist;
				LD_RUNPATH_SEARCH_PATHS = "$(inherited) @executable_path/Frameworks";
				PRODUCT_BUNDLE_IDENTIFIER = com.swipe.CustomCellForTableViewApp;
				PRODUCT_NAME = "$(TARGET_NAME)";
			};
			name = Release;
		};
		2086A4461C10978E00EF3254 /* Debug */ = {
			isa = XCBuildConfiguration;
			buildSettings = {
				BUNDLE_LOADER = "$(TEST_HOST)";
				INFOPLIST_FILE = CustomCellForTableViewAppTests/Info.plist;
				LD_RUNPATH_SEARCH_PATHS = "$(inherited) @executable_path/Frameworks @loader_path/Frameworks";
				PRODUCT_BUNDLE_IDENTIFIER = com.swipe.CustomCellForTableViewAppTests;
				PRODUCT_NAME = "$(TARGET_NAME)";
				TEST_HOST = "$(BUILT_PRODUCTS_DIR)/CustomCellForTableViewApp.app/CustomCellForTableViewApp";
			};
			name = Debug;
		};
		2086A4471C10978E00EF3254 /* Release */ = {
			isa = XCBuildConfiguration;
			buildSettings = {
				BUNDLE_LOADER = "$(TEST_HOST)";
				INFOPLIST_FILE = CustomCellForTableViewAppTests/Info.plist;
				LD_RUNPATH_SEARCH_PATHS = "$(inherited) @executable_path/Frameworks @loader_path/Frameworks";
				PRODUCT_BUNDLE_IDENTIFIER = com.swipe.CustomCellForTableViewAppTests;
				PRODUCT_NAME = "$(TARGET_NAME)";
				TEST_HOST = "$(BUILT_PRODUCTS_DIR)/CustomCellForTableViewApp.app/CustomCellForTableViewApp";
			};
			name = Release;
		};
		2086A4491C10978E00EF3254 /* Debug */ = {
			isa = XCBuildConfiguration;
			buildSettings = {
				INFOPLIST_FILE = CustomCellForTableViewAppUITests/Info.plist;
				LD_RUNPATH_SEARCH_PATHS = "$(inherited) @executable_path/Frameworks @loader_path/Frameworks";
				PRODUCT_BUNDLE_IDENTIFIER = com.swipe.CustomCellForTableViewAppUITests;
				PRODUCT_NAME = "$(TARGET_NAME)";
				TEST_TARGET_NAME = CustomCellForTableViewApp;
				USES_XCTRUNNER = YES;
			};
			name = Debug;
		};
		2086A44A1C10978E00EF3254 /* Release */ = {
			isa = XCBuildConfiguration;
			buildSettings = {
				INFOPLIST_FILE = CustomCellForTableViewAppUITests/Info.plist;
				LD_RUNPATH_SEARCH_PATHS = "$(inherited) @executable_path/Frameworks @loader_path/Frameworks";
				PRODUCT_BUNDLE_IDENTIFIER = com.swipe.CustomCellForTableViewAppUITests;
				PRODUCT_NAME = "$(TARGET_NAME)";
				TEST_TARGET_NAME = CustomCellForTableViewApp;
				USES_XCTRUNNER = YES;
			};
			name = Release;
		};
/* End XCBuildConfiguration section */

/* Begin XCConfigurationList section */
		2086A4101C10978E00EF3254 /* Build configuration list for PBXProject "CustomCellForTableViewApp" */ = {
			isa = XCConfigurationList;
			buildConfigurations = (
				2086A4401C10978E00EF3254 /* Debug */,
				2086A4411C10978E00EF3254 /* Release */,
			);
			defaultConfigurationIsVisible = 0;
			defaultConfigurationName = Release;
		};
		2086A4421C10978E00EF3254 /* Build configuration list for PBXNativeTarget "CustomCellForTableViewApp" */ = {
			isa = XCConfigurationList;
			buildConfigurations = (
				2086A4431C10978E00EF3254 /* Debug */,
				2086A4441C10978E00EF3254 /* Release */,
			);
			defaultConfigurationIsVisible = 0;
		};
		2086A4451C10978E00EF3254 /* Build configuration list for PBXNativeTarget "CustomCellForTableViewAppTests" */ = {
			isa = XCConfigurationList;
			buildConfigurations = (
				2086A4461C10978E00EF3254 /* Debug */,
				2086A4471C10978E00EF3254 /* Release */,
			);
			defaultConfigurationIsVisible = 0;
		};
		2086A4481C10978E00EF3254 /* Build configuration list for PBXNativeTarget "CustomCellForTableViewAppUITests" */ = {
			isa = XCConfigurationList;
			buildConfigurations = (
				2086A4491C10978E00EF3254 /* Debug */,
				2086A44A1C10978E00EF3254 /* Release */,
			);
			defaultConfigurationIsVisible = 0;
		};
/* End XCConfigurationList section */
	};
	rootObject = 2086A40D1C10978E00EF3254 /* Project object */;
}
