// !$*UTF8*$!
{
	archiveVersion = 1;
	classes = {
	};
	objectVersion = 46;
	objects = {

/* Begin PBXBuildFile section */
		202C10691C0DD95B00E2048D /* main.m in Sources */ = {isa = PBXBuildFile; fileRef = 202C10681C0DD95B00E2048D /* main.m */; };
		202C106C1C0DD95B00E2048D /* AppDelegate.m in Sources */ = {isa = PBXBuildFile; fileRef = 202C106B1C0DD95B00E2048D /* AppDelegate.m */; };
		202C106F1C0DD95B00E2048D /* ViewController.m in Sources */ = {isa = PBXBuildFile; fileRef = 202C106E1C0DD95B00E2048D /* ViewController.m */; };
		202C10721C0DD95B00E2048D /* Main.storyboard in Resources */ = {isa = PBXBuildFile; fileRef = 202C10701C0DD95B00E2048D /* Main.storyboard */; };
		202C10741C0DD95B00E2048D /* Assets.xcassets in Resources */ = {isa = PBXBuildFile; fileRef = 202C10731C0DD95B00E2048D /* Assets.xcassets */; };
		202C10771C0DD95B00E2048D /* LaunchScreen.storyboard in Resources */ = {isa = PBXBuildFile; fileRef = 202C10751C0DD95B00E2048D /* LaunchScreen.storyboard */; };
		202C10821C0DD95B00E2048D /* StepperAppTests.m in Sources */ = {isa = PBXBuildFile; fileRef = 202C10811C0DD95B00E2048D /* StepperAppTests.m */; };
		202C108D1C0DD95B00E2048D /* StepperAppUITests.m in Sources */ = {isa = PBXBuildFile; fileRef = 202C108C1C0DD95B00E2048D /* StepperAppUITests.m */; };
/* End PBXBuildFile section */

/* Begin PBXContainerItemProxy section */
		202C107E1C0DD95B00E2048D /* PBXContainerItemProxy */ = {
			isa = PBXContainerItemProxy;
			containerPortal = 202C105C1C0DD95B00E2048D /* Project object */;
			proxyType = 1;
			remoteGlobalIDString = 202C10631C0DD95B00E2048D;
			remoteInfo = StepperApp;
		};
		202C10891C0DD95B00E2048D /* PBXContainerItemProxy */ = {
			isa = PBXContainerItemProxy;
			containerPortal = 202C105C1C0DD95B00E2048D /* Project object */;
			proxyType = 1;
			remoteGlobalIDString = 202C10631C0DD95B00E2048D;
			remoteInfo = StepperApp;
		};
/* End PBXContainerItemProxy section */

/* Begin PBXFileReference section */
		202C10641C0DD95B00E2048D /* StepperApp.app */ = {isa = PBXFileReference; explicitFileType = wrapper.application; includeInIndex = 0; path = StepperApp.app; sourceTree = BUILT_PRODUCTS_DIR; };
		202C10681C0DD95B00E2048D /* main.m */ = {isa = PBXFileReference; lastKnownFileType = sourcecode.c.objc; path = main.m; sourceTree = "<group>"; };
		202C106A1C0DD95B00E2048D /* AppDelegate.h */ = {isa = PBXFileReference; lastKnownFileType = sourcecode.c.h; path = AppDelegate.h; sourceTree = "<group>"; };
		202C106B1C0DD95B00E2048D /* AppDelegate.m */ = {isa = PBXFileReference; lastKnownFileType = sourcecode.c.objc; path = AppDelegate.m; sourceTree = "<group>"; };
		202C106D1C0DD95B00E2048D /* ViewController.h */ = {isa = PBXFileReference; lastKnownFileType = sourcecode.c.h; path = ViewController.h; sourceTree = "<group>"; };
		202C106E1C0DD95B00E2048D /* ViewController.m */ = {isa = PBXFileReference; lastKnownFileType = sourcecode.c.objc; path = ViewController.m; sourceTree = "<group>"; };
		202C10711C0DD95B00E2048D /* Base */ = {isa = PBXFileReference; lastKnownFileType = file.storyboard; name = Base; path = Base.lproj/Main.storyboard; sourceTree = "<group>"; };
		202C10731C0DD95B00E2048D /* Assets.xcassets */ = {isa = PBXFileReference; lastKnownFileType = folder.assetcatalog; path = Assets.xcassets; sourceTree = "<group>"; };
		202C10761C0DD95B00E2048D /* Base */ = {isa = PBXFileReference; lastKnownFileType = file.storyboard; name = Base; path = Base.lproj/LaunchScreen.storyboard; sourceTree = "<group>"; };
		202C10781C0DD95B00E2048D /* Info.plist */ = {isa = PBXFileReference; lastKnownFileType = text.plist.xml; path = Info.plist; sourceTree = "<group>"; };
		202C107D1C0DD95B00E2048D /* StepperAppTests.xctest */ = {isa = PBXFileReference; explicitFileType = wrapper.cfbundle; includeInIndex = 0; path = StepperAppTests.xctest; sourceTree = BUILT_PRODUCTS_DIR; };
		202C10811C0DD95B00E2048D /* StepperAppTests.m */ = {isa = PBXFileReference; lastKnownFileType = sourcecode.c.objc; path = StepperAppTests.m; sourceTree = "<group>"; };
		202C10831C0DD95B00E2048D /* Info.plist */ = {isa = PBXFileReference; lastKnownFileType = text.plist.xml; path = Info.plist; sourceTree = "<group>"; };
		202C10881C0DD95B00E2048D /* StepperAppUITests.xctest */ = {isa = PBXFileReference; explicitFileType = wrapper.cfbundle; includeInIndex = 0; path = StepperAppUITests.xctest; sourceTree = BUILT_PRODUCTS_DIR; };
		202C108C1C0DD95B00E2048D /* StepperAppUITests.m */ = {isa = PBXFileReference; lastKnownFileType = sourcecode.c.objc; path = StepperAppUITests.m; sourceTree = "<group>"; };
		202C108E1C0DD95B00E2048D /* Info.plist */ = {isa = PBXFileReference; lastKnownFileType = text.plist.xml; path = Info.plist; sourceTree = "<group>"; };
/* End PBXFileReference section */

/* Begin PBXFrameworksBuildPhase section */
		202C10611C0DD95B00E2048D /* Frameworks */ = {
			isa = PBXFrameworksBuildPhase;
			buildActionMask = 2147483647;
			files = (
			);
			runOnlyForDeploymentPostprocessing = 0;
		};
		202C107A1C0DD95B00E2048D /* Frameworks */ = {
			isa = PBXFrameworksBuildPhase;
			buildActionMask = 2147483647;
			files = (
			);
			runOnlyForDeploymentPostprocessing = 0;
		};
		202C10851C0DD95B00E2048D /* Frameworks */ = {
			isa = PBXFrameworksBuildPhase;
			buildActionMask = 2147483647;
			files = (
			);
			runOnlyForDeploymentPostprocessing = 0;
		};
/* End PBXFrameworksBuildPhase section */

/* Begin PBXGroup section */
		202C105B1C0DD95B00E2048D = {
			isa = PBXGroup;
			children = (
				202C10661C0DD95B00E2048D /* StepperApp */,
				202C10801C0DD95B00E2048D /* StepperAppTests */,
				202C108B1C0DD95B00E2048D /* StepperAppUITests */,
				202C10651C0DD95B00E2048D /* Products */,
			);
			sourceTree = "<group>";
		};
		202C10651C0DD95B00E2048D /* Products */ = {
			isa = PBXGroup;
			children = (
				202C10641C0DD95B00E2048D /* StepperApp.app */,
				202C107D1C0DD95B00E2048D /* StepperAppTests.xctest */,
				202C10881C0DD95B00E2048D /* StepperAppUITests.xctest */,
			);
			name = Products;
			sourceTree = "<group>";
		};
		202C10661C0DD95B00E2048D /* StepperApp */ = {
			isa = PBXGroup;
			children = (
				202C106A1C0DD95B00E2048D /* AppDelegate.h */,
				202C106B1C0DD95B00E2048D /* AppDelegate.m */,
				202C106D1C0DD95B00E2048D /* ViewController.h */,
				202C106E1C0DD95B00E2048D /* ViewController.m */,
				202C10701C0DD95B00E2048D /* Main.storyboard */,
				202C10731C0DD95B00E2048D /* Assets.xcassets */,
				202C10751C0DD95B00E2048D /* LaunchScreen.storyboard */,
				202C10781C0DD95B00E2048D /* Info.plist */,
				202C10671C0DD95B00E2048D /* Supporting Files */,
			);
			path = StepperApp;
			sourceTree = "<group>";
		};
		202C10671C0DD95B00E2048D /* Supporting Files */ = {
			isa = PBXGroup;
			children = (
				202C10681C0DD95B00E2048D /* main.m */,
			);
			name = "Supporting Files";
			sourceTree = "<group>";
		};
		202C10801C0DD95B00E2048D /* StepperAppTests */ = {
			isa = PBXGroup;
			children = (
				202C10811C0DD95B00E2048D /* StepperAppTests.m */,
				202C10831C0DD95B00E2048D /* Info.plist */,
			);
			path = StepperAppTests;
			sourceTree = "<group>";
		};
		202C108B1C0DD95B00E2048D /* StepperAppUITests */ = {
			isa = PBXGroup;
			children = (
				202C108C1C0DD95B00E2048D /* StepperAppUITests.m */,
				202C108E1C0DD95B00E2048D /* Info.plist */,
			);
			path = StepperAppUITests;
			sourceTree = "<group>";
		};
/* End PBXGroup section */

/* Begin PBXNativeTarget section */
		202C10631C0DD95B00E2048D /* StepperApp */ = {
			isa = PBXNativeTarget;
			buildConfigurationList = 202C10911C0DD95B00E2048D /* Build configuration list for PBXNativeTarget "StepperApp" */;
			buildPhases = (
				202C10601C0DD95B00E2048D /* Sources */,
				202C10611C0DD95B00E2048D /* Frameworks */,
				202C10621C0DD95B00E2048D /* Resources */,
			);
			buildRules = (
			);
			dependencies = (
			);
			name = StepperApp;
			productName = StepperApp;
			productReference = 202C10641C0DD95B00E2048D /* StepperApp.app */;
			productType = "com.apple.product-type.application";
		};
		202C107C1C0DD95B00E2048D /* StepperAppTests */ = {
			isa = PBXNativeTarget;
			buildConfigurationList = 202C10941C0DD95B00E2048D /* Build configuration list for PBXNativeTarget "StepperAppTests" */;
			buildPhases = (
				202C10791C0DD95B00E2048D /* Sources */,
				202C107A1C0DD95B00E2048D /* Frameworks */,
				202C107B1C0DD95B00E2048D /* Resources */,
			);
			buildRules = (
			);
			dependencies = (
				202C107F1C0DD95B00E2048D /* PBXTargetDependency */,
			);
			name = StepperAppTests;
			productName = StepperAppTests;
			productReference = 202C107D1C0DD95B00E2048D /* StepperAppTests.xctest */;
			productType = "com.apple.product-type.bundle.unit-test";
		};
		202C10871C0DD95B00E2048D /* StepperAppUITests */ = {
			isa = PBXNativeTarget;
			buildConfigurationList = 202C10971C0DD95B00E2048D /* Build configuration list for PBXNativeTarget "StepperAppUITests" */;
			buildPhases = (
				202C10841C0DD95B00E2048D /* Sources */,
				202C10851C0DD95B00E2048D /* Frameworks */,
				202C10861C0DD95B00E2048D /* Resources */,
			);
			buildRules = (
			);
			dependencies = (
				202C108A1C0DD95B00E2048D /* PBXTargetDependency */,
			);
			name = StepperAppUITests;
			productName = StepperAppUITests;
			productReference = 202C10881C0DD95B00E2048D /* StepperAppUITests.xctest */;
			productType = "com.apple.product-type.bundle.ui-testing";
		};
/* End PBXNativeTarget section */

/* Begin PBXProject section */
		202C105C1C0DD95B00E2048D /* Project object */ = {
			isa = PBXProject;
			attributes = {
				LastUpgradeCheck = 0710;
				ORGANIZATIONNAME = "Büşra Akdağ";
				TargetAttributes = {
					202C10631C0DD95B00E2048D = {
						CreatedOnToolsVersion = 7.1.1;
						DevelopmentTeam = 4V3M4UKN4D;
					};
					202C107C1C0DD95B00E2048D = {
						CreatedOnToolsVersion = 7.1.1;
						DevelopmentTeam = 4V3M4UKN4D;
						TestTargetID = 202C10631C0DD95B00E2048D;
					};
					202C10871C0DD95B00E2048D = {
						CreatedOnToolsVersion = 7.1.1;
						DevelopmentTeam = 4V3M4UKN4D;
						TestTargetID = 202C10631C0DD95B00E2048D;
					};
				};
			};
			buildConfigurationList = 202C105F1C0DD95B00E2048D /* Build configuration list for PBXProject "StepperApp" */;
			compatibilityVersion = "Xcode 3.2";
			developmentRegion = English;
			hasScannedForEncodings = 0;
			knownRegions = (
				en,
				Base,
			);
			mainGroup = 202C105B1C0DD95B00E2048D;
			productRefGroup = 202C10651C0DD95B00E2048D /* Products */;
			projectDirPath = "";
			projectRoot = "";
			targets = (
				202C10631C0DD95B00E2048D /* StepperApp */,
				202C107C1C0DD95B00E2048D /* StepperAppTests */,
				202C10871C0DD95B00E2048D /* StepperAppUITests */,
			);
		};
/* End PBXProject section */

/* Begin PBXResourcesBuildPhase section */
		202C10621C0DD95B00E2048D /* Resources */ = {
			isa = PBXResourcesBuildPhase;
			buildActionMask = 2147483647;
			files = (
				202C10771C0DD95B00E2048D /* LaunchScreen.storyboard in Resources */,
				202C10741C0DD95B00E2048D /* Assets.xcassets in Resources */,
				202C10721C0DD95B00E2048D /* Main.storyboard in Resources */,
			);
			runOnlyForDeploymentPostprocessing = 0;
		};
		202C107B1C0DD95B00E2048D /* Resources */ = {
			isa = PBXResourcesBuildPhase;
			buildActionMask = 2147483647;
			files = (
			);
			runOnlyForDeploymentPostprocessing = 0;
		};
		202C10861C0DD95B00E2048D /* Resources */ = {
			isa = PBXResourcesBuildPhase;
			buildActionMask = 2147483647;
			files = (
			);
			runOnlyForDeploymentPostprocessing = 0;
		};
/* End PBXResourcesBuildPhase section */

/* Begin PBXSourcesBuildPhase section */
		202C10601C0DD95B00E2048D /* Sources */ = {
			isa = PBXSourcesBuildPhase;
			buildActionMask = 2147483647;
			files = (
				202C106F1C0DD95B00E2048D /* ViewController.m in Sources */,
				202C106C1C0DD95B00E2048D /* AppDelegate.m in Sources */,
				202C10691C0DD95B00E2048D /* main.m in Sources */,
			);
			runOnlyForDeploymentPostprocessing = 0;
		};
		202C10791C0DD95B00E2048D /* Sources */ = {
			isa = PBXSourcesBuildPhase;
			buildActionMask = 2147483647;
			files = (
				202C10821C0DD95B00E2048D /* StepperAppTests.m in Sources */,
			);
			runOnlyForDeploymentPostprocessing = 0;
		};
		202C10841C0DD95B00E2048D /* Sources */ = {
			isa = PBXSourcesBuildPhase;
			buildActionMask = 2147483647;
			files = (
				202C108D1C0DD95B00E2048D /* StepperAppUITests.m in Sources */,
			);
			runOnlyForDeploymentPostprocessing = 0;
		};
/* End PBXSourcesBuildPhase section */

/* Begin PBXTargetDependency section */
		202C107F1C0DD95B00E2048D /* PBXTargetDependency */ = {
			isa = PBXTargetDependency;
			target = 202C10631C0DD95B00E2048D /* StepperApp */;
			targetProxy = 202C107E1C0DD95B00E2048D /* PBXContainerItemProxy */;
		};
		202C108A1C0DD95B00E2048D /* PBXTargetDependency */ = {
			isa = PBXTargetDependency;
			target = 202C10631C0DD95B00E2048D /* StepperApp */;
			targetProxy = 202C10891C0DD95B00E2048D /* PBXContainerItemProxy */;
		};
/* End PBXTargetDependency section */

/* Begin PBXVariantGroup section */
		202C10701C0DD95B00E2048D /* Main.storyboard */ = {
			isa = PBXVariantGroup;
			children = (
				202C10711C0DD95B00E2048D /* Base */,
			);
			name = Main.storyboard;
			sourceTree = "<group>";
		};
		202C10751C0DD95B00E2048D /* LaunchScreen.storyboard */ = {
			isa = PBXVariantGroup;
			children = (
				202C10761C0DD95B00E2048D /* Base */,
			);
			name = LaunchScreen.storyboard;
			sourceTree = "<group>";
		};
/* End PBXVariantGroup section */

/* Begin XCBuildConfiguration section */
		202C108F1C0DD95B00E2048D /* Debug */ = {
			isa = XCBuildConfiguration;
			buildSettings = {
				ALWAYS_SEARCH_USER_PATHS = NO;
				CLANG_CXX_LANGUAGE_STANDARD = "gnu++0x";
				CLANG_CXX_LIBRARY = "libc++";
				CLANG_ENABLE_MODULES = YES;
				CLANG_ENABLE_OBJC_ARC = YES;
				CLANG_WARN_BOOL_CONVERSION = YES;
				CLANG_WARN_CONSTANT_CONVERSION = YES;
				CLANG_WARN_DIRECT_OBJC_ISA_USAGE = YES_ERROR;
				CLANG_WARN_EMPTY_BODY = YES;
				CLANG_WARN_ENUM_CONVERSION = YES;
				CLANG_WARN_INT_CONVERSION = YES;
				CLANG_WARN_OBJC_ROOT_CLASS = YES_ERROR;
				CLANG_WARN_UNREACHABLE_CODE = YES;
				CLANG_WARN__DUPLICATE_METHOD_MATCH = YES;
				"CODE_SIGN_IDENTITY[sdk=iphoneos*]" = "iPhone Developer";
				COPY_PHASE_STRIP = NO;
				DEBUG_INFORMATION_FORMAT = dwarf;
				ENABLE_STRICT_OBJC_MSGSEND = YES;
				ENABLE_TESTABILITY = YES;
				GCC_C_LANGUAGE_STANDARD = gnu99;
				GCC_DYNAMIC_NO_PIC = NO;
				GCC_NO_COMMON_BLOCKS = YES;
				GCC_OPTIMIZATION_LEVEL = 0;
				GCC_PREPROCESSOR_DEFINITIONS = (
					"DEBUG=1",
					"$(inherited)",
				);
				GCC_WARN_64_TO_32_BIT_CONVERSION = YES;
				GCC_WARN_ABOUT_RETURN_TYPE = YES_ERROR;
				GCC_WARN_UNDECLARED_SELECTOR = YES;
				GCC_WARN_UNINITIALIZED_AUTOS = YES_AGGRESSIVE;
				GCC_WARN_UNUSED_FUNCTION = YES;
				GCC_WARN_UNUSED_VARIABLE = YES;
				IPHONEOS_DEPLOYMENT_TARGET = 9.1;
				MTL_ENABLE_DEBUG_INFO = YES;
				ONLY_ACTIVE_ARCH = YES;
				SDKROOT = iphoneos;
			};
			name = Debug;
		};
		202C10901C0DD95B00E2048D /* Release */ = {
			isa = XCBuildConfiguration;
			buildSettings = {
				ALWAYS_SEARCH_USER_PATHS = NO;
				CLANG_CXX_LANGUAGE_STANDARD = "gnu++0x";
				CLANG_CXX_LIBRARY = "libc++";
				CLANG_ENABLE_MODULES = YES;
				CLANG_ENABLE_OBJC_ARC = YES;
				CLANG_WARN_BOOL_CONVERSION = YES;
				CLANG_WARN_CONSTANT_CONVERSION = YES;
				CLANG_WARN_DIRECT_OBJC_ISA_USAGE = YES_ERROR;
				CLANG_WARN_EMPTY_BODY = YES;
				CLANG_WARN_ENUM_CONVERSION = YES;
				CLANG_WARN_INT_CONVERSION = YES;
				CLANG_WARN_OBJC_ROOT_CLASS = YES_ERROR;
				CLANG_WARN_UNREACHABLE_CODE = YES;
				CLANG_WARN__DUPLICATE_METHOD_MATCH = YES;
				"CODE_SIGN_IDENTITY[sdk=iphoneos*]" = "iPhone Developer";
				COPY_PHASE_STRIP = NO;
				DEBUG_INFORMATION_FORMAT = "dwarf-with-dsym";
				ENABLE_NS_ASSERTIONS = NO;
				ENABLE_STRICT_OBJC_MSGSEND = YES;
				GCC_C_LANGUAGE_STANDARD = gnu99;
				GCC_NO_COMMON_BLOCKS = YES;
				GCC_WARN_64_TO_32_BIT_CONVERSION = YES;
				GCC_WARN_ABOUT_RETURN_TYPE = YES_ERROR;
				GCC_WARN_UNDECLARED_SELECTOR = YES;
				GCC_WARN_UNINITIALIZED_AUTOS = YES_AGGRESSIVE;
				GCC_WARN_UNUSED_FUNCTION = YES;
				GCC_WARN_UNUSED_VARIABLE = YES;
				IPHONEOS_DEPLOYMENT_TARGET = 9.1;
				MTL_ENABLE_DEBUG_INFO = NO;
				SDKROOT = iphoneos;
				VALIDATE_PRODUCT = YES;
			};
			name = Release;
		};
		202C10921C0DD95B00E2048D /* Debug */ = {
			isa = XCBuildConfiguration;
			buildSettings = {
				ASSETCATALOG_COMPILER_APPICON_NAME = AppIcon;
				INFOPLIST_FILE = StepperApp/Info.plist;
				LD_RUNPATH_SEARCH_PATHS = "$(inherited) @executable_path/Frameworks";
				PRODUCT_BUNDLE_IDENTIFIER = com.swipe.StepperApp;
				PRODUCT_NAME = "$(TARGET_NAME)";
			};
			name = Debug;
		};
		202C10931C0DD95B00E2048D /* Release */ = {
			isa = XCBuildConfiguration;
			buildSettings = {
				ASSETCATALOG_COMPILER_APPICON_NAME = AppIcon;
				INFOPLIST_FILE = StepperApp/Info.plist;
				LD_RUNPATH_SEARCH_PATHS = "$(inherited) @executable_path/Frameworks";
				PRODUCT_BUNDLE_IDENTIFIER = com.swipe.StepperApp;
				PRODUCT_NAME = "$(TARGET_NAME)";
			};
			name = Release;
		};
		202C10951C0DD95B00E2048D /* Debug */ = {
			isa = XCBuildConfiguration;
			buildSettings = {
				BUNDLE_LOADER = "$(TEST_HOST)";
				INFOPLIST_FILE = StepperAppTests/Info.plist;
				LD_RUNPATH_SEARCH_PATHS = "$(inherited) @executable_path/Frameworks @loader_path/Frameworks";
				PRODUCT_BUNDLE_IDENTIFIER = com.swipe.StepperAppTests;
				PRODUCT_NAME = "$(TARGET_NAME)";
				TEST_HOST = "$(BUILT_PRODUCTS_DIR)/StepperApp.app/StepperApp";
			};
			name = Debug;
		};
		202C10961C0DD95B00E2048D /* Release */ = {
			isa = XCBuildConfiguration;
			buildSettings = {
				BUNDLE_LOADER = "$(TEST_HOST)";
				INFOPLIST_FILE = StepperAppTests/Info.plist;
				LD_RUNPATH_SEARCH_PATHS = "$(inherited) @executable_path/Frameworks @loader_path/Frameworks";
				PRODUCT_BUNDLE_IDENTIFIER = com.swipe.StepperAppTests;
				PRODUCT_NAME = "$(TARGET_NAME)";
				TEST_HOST = "$(BUILT_PRODUCTS_DIR)/StepperApp.app/StepperApp";
			};
			name = Release;
		};
		202C10981C0DD95B00E2048D /* Debug */ = {
			isa = XCBuildConfiguration;
			buildSettings = {
				INFOPLIST_FILE = StepperAppUITests/Info.plist;
				LD_RUNPATH_SEARCH_PATHS = "$(inherited) @executable_path/Frameworks @loader_path/Frameworks";
				PRODUCT_BUNDLE_IDENTIFIER = com.swipe.StepperAppUITests;
				PRODUCT_NAME = "$(TARGET_NAME)";
				TEST_TARGET_NAME = StepperApp;
				USES_XCTRUNNER = YES;
			};
			name = Debug;
		};
		202C10991C0DD95B00E2048D /* Release */ = {
			isa = XCBuildConfiguration;
			buildSettings = {
				INFOPLIST_FILE = StepperAppUITests/Info.plist;
				LD_RUNPATH_SEARCH_PATHS = "$(inherited) @executable_path/Frameworks @loader_path/Frameworks";
				PRODUCT_BUNDLE_IDENTIFIER = com.swipe.StepperAppUITests;
				PRODUCT_NAME = "$(TARGET_NAME)";
				TEST_TARGET_NAME = StepperApp;
				USES_XCTRUNNER = YES;
			};
			name = Release;
		};
/* End XCBuildConfiguration section */

/* Begin XCConfigurationList section */
		202C105F1C0DD95B00E2048D /* Build configuration list for PBXProject "StepperApp" */ = {
			isa = XCConfigurationList;
			buildConfigurations = (
				202C108F1C0DD95B00E2048D /* Debug */,
				202C10901C0DD95B00E2048D /* Release */,
			);
			defaultConfigurationIsVisible = 0;
			defaultConfigurationName = Release;
		};
		202C10911C0DD95B00E2048D /* Build configuration list for PBXNativeTarget "StepperApp" */ = {
			isa = XCConfigurationList;
			buildConfigurations = (
				202C10921C0DD95B00E2048D /* Debug */,
				202C10931C0DD95B00E2048D /* Release */,
			);
			defaultConfigurationIsVisible = 0;
		};
		202C10941C0DD95B00E2048D /* Build configuration list for PBXNativeTarget "StepperAppTests" */ = {
			isa = XCConfigurationList;
			buildConfigurations = (
				202C10951C0DD95B00E2048D /* Debug */,
				202C10961C0DD95B00E2048D /* Release */,
			);
			defaultConfigurationIsVisible = 0;
		};
		202C10971C0DD95B00E2048D /* Build configuration list for PBXNativeTarget "StepperAppUITests" */ = {
			isa = XCConfigurationList;
			buildConfigurations = (
				202C10981C0DD95B00E2048D /* Debug */,
				202C10991C0DD95B00E2048D /* Release */,
			);
			defaultConfigurationIsVisible = 0;
		};
/* End XCConfigurationList section */
	};
	rootObject = 202C105C1C0DD95B00E2048D /* Project object */;
}
